{
  "name": "native-integration",
  "version": "0.1.0",
  "lockfileVersion": 1,
  "requires": true,
  "dependencies": {
    "octopus": {
      "version": "git+http://github.com/privatesky/octopus.git#c2383507a536c89d654fdfc5829ed3599e2f632e",
      "from": "git+http://github.com/privatesky/octopus.git",
      "dev": true
    },
    "three": {
      "version": "0.132.2",
      "resolved": "https://registry.npmjs.org/three/-/three-0.132.2.tgz",
      "integrity": "sha512-0wcR7LxxkXMn6Gi58gEs3QvY8WpTVXA31L2VOvpjm4ZPYFRHCZC13UqynheFoS5OXDYgtBneN0dhbaNBE8iLhQ=="
    }
  }
}
